
Microsoft Visual Studio Solution File, Format Version 12.00
Project("{FAE04EC0-301F-11D3-BF4B-00C04F79EFBC}") = "netcore-template", "netcore-template.csproj", "{330288FC-05AF-4A1F-A446-6BC665975626}"
EndProject
Global
	GlobalSection(SolutionConfigurationPlatforms) = preSolution
		Debug|Any CPU = Debug|Any CPU
		Release|Any CPU = Release|Any CPU
	EndGlobalSection
	GlobalSection(ProjectConfigurationPlatforms) = postSolution
		{330288FC-05AF-4A1F-A446-6BC665975626}.Debug|Any CPU.ActiveCfg = Debug|Any CPU
		{330288FC-05AF-4A1F-A446-6BC665975626}.Debug|Any CPU.Build.0 = Debug|Any CPU
		{330288FC-05AF-4A1F-A446-6BC665975626}.Release|Any CPU.ActiveCfg = Release|Any CPU
		{330288FC-05AF-4A1F-A446-6BC665975626}.Release|Any CPU.Build.0 = Release|Any CPU
	EndGlobalSection
EndGlobal
